
Microsoft Visual Studio Solution File, Format Version 12.00
# Visual Studio 2012
Project("{FAE04EC0-301F-11D3-BF4B-00C04F79EFBC}") = "WriteDataIntoMysql", "WriteDataIntoMysql\WriteDataIntoMysql.csproj", "{0875655B-133E-48BF-B998-DAC00E6B4963}"
EndProject
Global
	GlobalSection(SolutionConfigurationPlatforms) = preSolution
		Debug|x86 = Debug|x86
		Release|x86 = Release|x86
	EndGlobalSection
	GlobalSection(ProjectConfigurationPlatforms) = postSolution
		{0875655B-133E-48BF-B998-DAC00E6B4963}.Debug|x86.ActiveCfg = Debug|x86
		{0875655B-133E-48BF-B998-DAC00E6B4963}.Debug|x86.Build.0 = Debug|x86
		{0875655B-133E-48BF-B998-DAC00E6B4963}.Release|x86.ActiveCfg = Release|x86
		{0875655B-133E-48BF-B998-DAC00E6B4963}.Release|x86.Build.0 = Release|x86
	EndGlobalSection
EndGlobal
